// !$*UTF8*$!
{
	archiveVersion = 1;
	classes = {
	};
	objectVersion = 50;
	objects = {

/* Begin PBXBuildFile section */
		A64B1D2F227FC9F700A280A0 /* libz.1.2.8.tbd in Frameworks */ = {isa = PBXBuildFile; fileRef = A64B1D2E227FC9F700A280A0 /* libz.1.2.8.tbd */; };
		A64B1D31227FCA0A00A280A0 /* libc++.1.tbd in Frameworks */ = {isa = PBXBuildFile; fileRef = A64B1D30227FCA0A00A280A0 /* libc++.1.tbd */; };
		A658AE3F2275E43700C5F661 /* AppDelegate.m in Sources */ = {isa = PBXBuildFile; fileRef = A658AE3E2275E43700C5F661 /* AppDelegate.m */; };
		A658AE422275E43700C5F661 /* ViewController.m in Sources */ = {isa = PBXBuildFile; fileRef = A658AE412275E43700C5F661 /* ViewController.m */; };
		A658AE452275E43700C5F661 /* Main.storyboard in Resources */ = {isa = PBXBuildFile; fileRef = A658AE432275E43700C5F661 /* Main.storyboard */; };
		A658AE472275E43800C5F661 /* Assets.xcassets in Resources */ = {isa = PBXBuildFile; fileRef = A658AE462275E43800C5F661 /* Assets.xcassets */; };
		A658AE4A2275E43800C5F661 /* LaunchScreen.storyboard in Resources */ = {isa = PBXBuildFile; fileRef = A658AE482275E43800C5F661 /* LaunchScreen.storyboard */; };
		A658AE4D2275E43800C5F661 /* main.m in Sources */ = {isa = PBXBuildFile; fileRef = A658AE4C2275E43800C5F661 /* main.m */; };
		A658AF342276ACA800C5F661 /* EAccountHYSDK.framework in Frameworks */ = {isa = PBXBuildFile; fileRef = A658AF332276ACA800C5F661 /* EAccountHYSDK.framework */; };
		A658AF362276AF2300C5F661 /* EAccountOpenPageResource.bundle in Resources */ = {isa = PBXBuildFile; fileRef = A658AF352276AF2300C5F661 /* EAccountOpenPageResource.bundle */; };
		A658AF3B2276AFDD00C5F661 /* homeBG.png in Resources */ = {isa = PBXBuildFile; fileRef = A658AF382276AFDD00C5F661 /* homeBG.png */; };
		A658AF3C2276AFDD00C5F661 /* homeLOGO.png in Resources */ = {isa = PBXBuildFile; fileRef = A658AF392276AFDD00C5F661 /* homeLOGO.png */; };
		A658AF3D2276AFDD00C5F661 /* server.png in Resources */ = {isa = PBXBuildFile; fileRef = A658AF3A2276AFDD00C5F661 /* server.png */; };
		A6A4233C2276D14100295D59 /* EAccountDemoUtil.m in Sources */ = {isa = PBXBuildFile; fileRef = A6A4233B2276D14100295D59 /* EAccountDemoUtil.m */; };
/* End PBXBuildFile section */

/* Begin PBXFileReference section */
		A64B1D2E227FC9F700A280A0 /* libz.1.2.8.tbd */ = {isa = PBXFileReference; lastKnownFileType = "sourcecode.text-based-dylib-definition"; name = libz.1.2.8.tbd; path = usr/lib/libz.1.2.8.tbd; sourceTree = SDKROOT; };
		A64B1D30227FCA0A00A280A0 /* libc++.1.tbd */ = {isa = PBXFileReference; lastKnownFileType = "sourcecode.text-based-dylib-definition"; name = "libc++.1.tbd"; path = "usr/lib/libc++.1.tbd"; sourceTree = SDKROOT; };
		A658AE3A2275E43700C5F661 /* EAccountHYSDKDemo.app */ = {isa = PBXFileReference; explicitFileType = wrapper.application; includeInIndex = 0; path = EAccountHYSDKDemo.app; sourceTree = BUILT_PRODUCTS_DIR; };
		A658AE3D2275E43700C5F661 /* AppDelegate.h */ = {isa = PBXFileReference; lastKnownFileType = sourcecode.c.h; path = AppDelegate.h; sourceTree = "<group>"; };
		A658AE3E2275E43700C5F661 /* AppDelegate.m */ = {isa = PBXFileReference; lastKnownFileType = sourcecode.c.objc; path = AppDelegate.m; sourceTree = "<group>"; };
		A658AE402275E43700C5F661 /* ViewController.h */ = {isa = PBXFileReference; lastKnownFileType = sourcecode.c.h; path = ViewController.h; sourceTree = "<group>"; };
		A658AE412275E43700C5F661 /* ViewController.m */ = {isa = PBXFileReference; lastKnownFileType = sourcecode.c.objc; path = ViewController.m; sourceTree = "<group>"; };
		A658AE442275E43700C5F661 /* Base */ = {isa = PBXFileReference; lastKnownFileType = file.storyboard; name = Base; path = Base.lproj/Main.storyboard; sourceTree = "<group>"; };
		A658AE462275E43800C5F661 /* Assets.xcassets */ = {isa = PBXFileReference; lastKnownFileType = folder.assetcatalog; path = Assets.xcassets; sourceTree = "<group>"; };
		A658AE492275E43800C5F661 /* Base */ = {isa = PBXFileReference; lastKnownFileType = file.storyboard; name = Base; path = Base.lproj/LaunchScreen.storyboard; sourceTree = "<group>"; };
		A658AE4B2275E43800C5F661 /* Info.plist */ = {isa = PBXFileReference; lastKnownFileType = text.plist.xml; path = Info.plist; sourceTree = "<group>"; };
		A658AE4C2275E43800C5F661 /* main.m */ = {isa = PBXFileReference; lastKnownFileType = sourcecode.c.objc; path = main.m; sourceTree = "<group>"; };
		A658AF332276ACA800C5F661 /* EAccountHYSDK.framework */ = {isa = PBXFileReference; lastKnownFileType = wrapper.framework; path = EAccountHYSDK.framework; sourceTree = "<group>"; };
		A658AF352276AF2300C5F661 /* EAccountOpenPageResource.bundle */ = {isa = PBXFileReference; lastKnownFileType = "wrapper.plug-in"; path = EAccountOpenPageResource.bundle; sourceTree = "<group>"; };
		A658AF382276AFDD00C5F661 /* homeBG.png */ = {isa = PBXFileReference; lastKnownFileType = image.png; path = homeBG.png; sourceTree = "<group>"; };
		A658AF392276AFDD00C5F661 /* homeLOGO.png */ = {isa = PBXFileReference; lastKnownFileType = image.png; path = homeLOGO.png; sourceTree = "<group>"; };
		A658AF3A2276AFDD00C5F661 /* server.png */ = {isa = PBXFileReference; lastKnownFileType = image.png; path = server.png; sourceTree = "<group>"; };
		A6A4233A2276D14100295D59 /* EAccountDemoUtil.h */ = {isa = PBXFileReference; lastKnownFileType = sourcecode.c.h; path = EAccountDemoUtil.h; sourceTree = "<group>"; };
		A6A4233B2276D14100295D59 /* EAccountDemoUtil.m */ = {isa = PBXFileReference; lastKnownFileType = sourcecode.c.objc; path = EAccountDemoUtil.m; sourceTree = "<group>"; };
/* End PBXFileReference section */

/* Begin PBXFrameworksBuildPhase section */
		A658AE372275E43700C5F661 /* Frameworks */ = {
			isa = PBXFrameworksBuildPhase;
			buildActionMask = 2147483647;
			files = (
				A64B1D31227FCA0A00A280A0 /* libc++.1.tbd in Frameworks */,
				A64B1D2F227FC9F700A280A0 /* libz.1.2.8.tbd in Frameworks */,
				A658AF342276ACA800C5F661 /* EAccountHYSDK.framework in Frameworks */,
			);
			runOnlyForDeploymentPostprocessing = 0;
		};
/* End PBXFrameworksBuildPhase section */

/* Begin PBXGroup section */
		A64B1D2D227FC9F700A280A0 /* Frameworks */ = {
			isa = PBXGroup;
			children = (
				A64B1D30227FCA0A00A280A0 /* libc++.1.tbd */,
				A64B1D2E227FC9F700A280A0 /* libz.1.2.8.tbd */,
			);
			name = Frameworks;
			sourceTree = "<group>";
		};
		A658AE312275E43600C5F661 = {
			isa = PBXGroup;
			children = (
				A658AE3C2275E43700C5F661 /* EAccountHYSDKDemo */,
				A658AE3B2275E43700C5F661 /* Products */,
				A64B1D2D227FC9F700A280A0 /* Frameworks */,
			);
			sourceTree = "<group>";
		};
		A658AE3B2275E43700C5F661 /* Products */ = {
			isa = PBXGroup;
			children = (
				A658AE3A2275E43700C5F661 /* EAccountHYSDKDemo.app */,
			);
			name = Products;
			sourceTree = "<group>";
		};
		A658AE3C2275E43700C5F661 /* EAccountHYSDKDemo */ = {
			isa = PBXGroup;
			children = (
				A658AF372276AFB800C5F661 /* Images */,
				A658AF352276AF2300C5F661 /* EAccountOpenPageResource.bundle */,
				A658AF332276ACA800C5F661 /* EAccountHYSDK.framework */,
				A658AE3D2275E43700C5F661 /* AppDelegate.h */,
				A658AE3E2275E43700C5F661 /* AppDelegate.m */,
				A658AE402275E43700C5F661 /* ViewController.h */,
				A658AE412275E43700C5F661 /* ViewController.m */,
				A658AE432275E43700C5F661 /* Main.storyboard */,
				A658AE462275E43800C5F661 /* Assets.xcassets */,
				A658AE482275E43800C5F661 /* LaunchScreen.storyboard */,
				A658AE4B2275E43800C5F661 /* Info.plist */,
				A658AE4C2275E43800C5F661 /* main.m */,
				A6A4233A2276D14100295D59 /* EAccountDemoUtil.h */,
				A6A4233B2276D14100295D59 /* EAccountDemoUtil.m */,
			);
			path = EAccountHYSDKDemo;
			sourceTree = "<group>";
		};
		A658AF372276AFB800C5F661 /* Images */ = {
			isa = PBXGroup;
			children = (
				A658AF382276AFDD00C5F661 /* homeBG.png */,
				A658AF392276AFDD00C5F661 /* homeLOGO.png */,
				A658AF3A2276AFDD00C5F661 /* server.png */,
			);
			path = Images;
			sourceTree = "<group>";
		};
/* End PBXGroup section */

/* Begin PBXNativeTarget section */
		A658AE392275E43700C5F661 /* EAccountHYSDKDemo */ = {
			isa = PBXNativeTarget;
			buildConfigurationList = A658AE502275E43800C5F661 /* Build configuration list for PBXNativeTarget "EAccountHYSDKDemo" */;
			buildPhases = (
				A658AE362275E43700C5F661 /* Sources */,
				A658AE372275E43700C5F661 /* Frameworks */,
				A658AE382275E43700C5F661 /* Resources */,
			);
			buildRules = (
			);
			dependencies = (
			);
			name = EAccountHYSDKDemo;
			productName = EAccountHYSDKDemo;
			productReference = A658AE3A2275E43700C5F661 /* EAccountHYSDKDemo.app */;
			productType = "com.apple.product-type.application";
		};
/* End PBXNativeTarget section */

/* Begin PBXProject section */
		A658AE322275E43600C5F661 /* Project object */ = {
			isa = PBXProject;
			attributes = {
				LastUpgradeCheck = 1010;
				ORGANIZATIONNAME = 21CN;
				TargetAttributes = {
					A658AE392275E43700C5F661 = {
						CreatedOnToolsVersion = 10.1;
					};
				};
			};
			buildConfigurationList = A658AE352275E43600C5F661 /* Build configuration list for PBXProject "EAccountHYSDKDemo" */;
			compatibilityVersion = "Xcode 9.3";
			developmentRegion = en;
			hasScannedForEncodings = 0;
			knownRegions = (
				en,
				Base,
			);
			mainGroup = A658AE312275E43600C5F661;
			productRefGroup = A658AE3B2275E43700C5F661 /* Products */;
			projectDirPath = "";
			projectRoot = "";
			targets = (
				A658AE392275E43700C5F661 /* EAccountHYSDKDemo */,
			);
		};
/* End PBXProject section */

/* Begin PBXResourcesBuildPhase section */
		A658AE382275E43700C5F661 /* Resources */ = {
			isa = PBXResourcesBuildPhase;
			buildActionMask = 2147483647;
			files = (
				A658AF362276AF2300C5F661 /* EAccountOpenPageResource.bundle in Resources */,
				A658AF3C2276AFDD00C5F661 /* homeLOGO.png in Resources */,
				A658AE4A2275E43800C5F661 /* LaunchScreen.storyboard in Resources */,
				A658AE472275E43800C5F661 /* Assets.xcassets in Resources */,
				A658AF3B2276AFDD00C5F661 /* homeBG.png in Resources */,
				A658AE452275E43700C5F661 /* Main.storyboard in Resources */,
				A658AF3D2276AFDD00C5F661 /* server.png in Resources */,
			);
			runOnlyForDeploymentPostprocessing = 0;
		};
/* End PBXResourcesBuildPhase section */

/* Begin PBXSourcesBuildPhase section */
		A658AE362275E43700C5F661 /* Sources */ = {
			isa = PBXSourcesBuildPhase;
			buildActionMask = 2147483647;
			files = (
				A658AE422275E43700C5F661 /* ViewController.m in Sources */,
				A658AE4D2275E43800C5F661 /* main.m in Sources */,
				A6A4233C2276D14100295D59 /* EAccountDemoUtil.m in Sources */,
				A658AE3F2275E43700C5F661 /* AppDelegate.m in Sources */,
			);
			runOnlyForDeploymentPostprocessing = 0;
		};
/* End PBXSourcesBuildPhase section */

/* Begin PBXVariantGroup section */
		A658AE432275E43700C5F661 /* Main.storyboard */ = {
			isa = PBXVariantGroup;
			children = (
				A658AE442275E43700C5F661 /* Base */,
			);
			name = Main.storyboard;
			sourceTree = "<group>";
		};
		A658AE482275E43800C5F661 /* LaunchScreen.storyboard */ = {
			isa = PBXVariantGroup;
			children = (
				A658AE492275E43800C5F661 /* Base */,
			);
			name = LaunchScreen.storyboard;
			sourceTree = "<group>";
		};
/* End PBXVariantGroup section */

/* Begin XCBuildConfiguration section */
		A658AE4E2275E43800C5F661 /* Debug */ = {
			isa = XCBuildConfiguration;
			buildSettings = {
				ALWAYS_SEARCH_USER_PATHS = NO;
				CLANG_ANALYZER_NONNULL = YES;
				CLANG_ANALYZER_NUMBER_OBJECT_CONVERSION = YES_AGGRESSIVE;
				CLANG_CXX_LANGUAGE_STANDARD = "gnu++14";
				CLANG_CXX_LIBRARY = "libc++";
				CLANG_ENABLE_MODULES = YES;
				CLANG_ENABLE_OBJC_ARC = YES;
				CLANG_ENABLE_OBJC_WEAK = YES;
				CLANG_WARN_BLOCK_CAPTURE_AUTORELEASING = YES;
				CLANG_WARN_BOOL_CONVERSION = YES;
				CLANG_WARN_COMMA = YES;
				CLANG_WARN_CONSTANT_CONVERSION = YES;
				CLANG_WARN_DEPRECATED_OBJC_IMPLEMENTATIONS = YES;
				CLANG_WARN_DIRECT_OBJC_ISA_USAGE = YES_ERROR;
				CLANG_WARN_DOCUMENTATION_COMMENTS = YES;
				CLANG_WARN_EMPTY_BODY = YES;
				CLANG_WARN_ENUM_CONVERSION = YES;
				CLANG_WARN_INFINITE_RECURSION = YES;
				CLANG_WARN_INT_CONVERSION = YES;
				CLANG_WARN_NON_LITERAL_NULL_CONVERSION = YES;
				CLANG_WARN_OBJC_IMPLICIT_RETAIN_SELF = YES;
				CLANG_WARN_OBJC_LITERAL_CONVERSION = YES;
				CLANG_WARN_OBJC_ROOT_CLASS = YES_ERROR;
				CLANG_WARN_RANGE_LOOP_ANALYSIS = YES;
				CLANG_WARN_STRICT_PROTOTYPES = YES;
				CLANG_WARN_SUSPICIOUS_MOVE = YES;
				CLANG_WARN_UNGUARDED_AVAILABILITY = YES_AGGRESSIVE;
				CLANG_WARN_UNREACHABLE_CODE = YES;
				CLANG_WARN__DUPLICATE_METHOD_MATCH = YES;
				CODE_SIGN_IDENTITY = "iPhone Developer";
				COPY_PHASE_STRIP = NO;
				DEBUG_INFORMATION_FORMAT = dwarf;
				ENABLE_STRICT_OBJC_MSGSEND = YES;
				ENABLE_TESTABILITY = YES;
				GCC_C_LANGUAGE_STANDARD = gnu11;
				GCC_DYNAMIC_NO_PIC = NO;
				GCC_NO_COMMON_BLOCKS = YES;
				GCC_OPTIMIZATION_LEVEL = 0;
				GCC_PREPROCESSOR_DEFINITIONS = (
					"DEBUG=1",
					"$(inherited)",
				);
				GCC_WARN_64_TO_32_BIT_CONVERSION = YES;
				GCC_WARN_ABOUT_RETURN_TYPE = YES_ERROR;
				GCC_WARN_UNDECLARED_SELECTOR = YES;
				GCC_WARN_UNINITIALIZED_AUTOS = YES_AGGRESSIVE;
				GCC_WARN_UNUSED_FUNCTION = YES;
				GCC_WARN_UNUSED_VARIABLE = YES;
				IPHONEOS_DEPLOYMENT_TARGET = 9.0;
				MTL_ENABLE_DEBUG_INFO = INCLUDE_SOURCE;
				MTL_FAST_MATH = YES;
				ONLY_ACTIVE_ARCH = YES;
				SDKROOT = iphoneos;
			};
			name = Debug;
		};
		A658AE4F2275E43800C5F661 /* Release */ = {
			isa = XCBuildConfiguration;
			buildSettings = {
				ALWAYS_SEARCH_USER_PATHS = NO;
				CLANG_ANALYZER_NONNULL = YES;
				CLANG_ANALYZER_NUMBER_OBJECT_CONVERSION = YES_AGGRESSIVE;
				CLANG_CXX_LANGUAGE_STANDARD = "gnu++14";
				CLANG_CXX_LIBRARY = "libc++";
				CLANG_ENABLE_MODULES = YES;
				CLANG_ENABLE_OBJC_ARC = YES;
				CLANG_ENABLE_OBJC_WEAK = YES;
				CLANG_WARN_BLOCK_CAPTURE_AUTORELEASING = YES;
				CLANG_WARN_BOOL_CONVERSION = YES;
				CLANG_WARN_COMMA = YES;
				CLANG_WARN_CONSTANT_CONVERSION = YES;
				CLANG_WARN_DEPRECATED_OBJC_IMPLEMENTATIONS = YES;
				CLANG_WARN_DIRECT_OBJC_ISA_USAGE = YES_ERROR;
				CLANG_WARN_DOCUMENTATION_COMMENTS = YES;
				CLANG_WARN_EMPTY_BODY = YES;
				CLANG_WARN_ENUM_CONVERSION = YES;
				CLANG_WARN_INFINITE_RECURSION = YES;
				CLANG_WARN_INT_CONVERSION = YES;
				CLANG_WARN_NON_LITERAL_NULL_CONVERSION = YES;
				CLANG_WARN_OBJC_IMPLICIT_RETAIN_SELF = YES;
				CLANG_WARN_OBJC_LITERAL_CONVERSION = YES;
				CLANG_WARN_OBJC_ROOT_CLASS = YES_ERROR;
				CLANG_WARN_RANGE_LOOP_ANALYSIS = YES;
				CLANG_WARN_STRICT_PROTOTYPES = YES;
				CLANG_WARN_SUSPICIOUS_MOVE = YES;
				CLANG_WARN_UNGUARDED_AVAILABILITY = YES_AGGRESSIVE;
				CLANG_WARN_UNREACHABLE_CODE = YES;
				CLANG_WARN__DUPLICATE_METHOD_MATCH = YES;
				CODE_SIGN_IDENTITY = "iPhone Developer";
				COPY_PHASE_STRIP = NO;
				DEBUG_INFORMATION_FORMAT = "dwarf-with-dsym";
				ENABLE_NS_ASSERTIONS = NO;
				ENABLE_STRICT_OBJC_MSGSEND = YES;
				GCC_C_LANGUAGE_STANDARD = gnu11;
				GCC_NO_COMMON_BLOCKS = YES;
				GCC_WARN_64_TO_32_BIT_CONVERSION = YES;
				GCC_WARN_ABOUT_RETURN_TYPE = YES_ERROR;
				GCC_WARN_UNDECLARED_SELECTOR = YES;
				GCC_WARN_UNINITIALIZED_AUTOS = YES_AGGRESSIVE;
				GCC_WARN_UNUSED_FUNCTION = YES;
				GCC_WARN_UNUSED_VARIABLE = YES;
				IPHONEOS_DEPLOYMENT_TARGET = 9.0;
				MTL_ENABLE_DEBUG_INFO = NO;
				MTL_FAST_MATH = YES;
				SDKROOT = iphoneos;
				VALIDATE_PRODUCT = YES;
			};
			name = Release;
		};
		A658AE512275E43800C5F661 /* Debug */ = {
			isa = XCBuildConfiguration;
			buildSettings = {
				ASSETCATALOG_COMPILER_APPICON_NAME = AppIcon;
				CODE_SIGN_STYLE = Automatic;
				DEVELOPMENT_TEAM = Z429JQWA8Q;
				ENABLE_BITCODE = YES;
				FRAMEWORK_SEARCH_PATHS = (
					"$(inherited)",
					"$(PROJECT_DIR)/EAccountHYSDKDemo",
				);
				HEADER_SEARCH_PATHS = "\"$(SRCROOT)/EAccountHYSDKDemo/EAccountHYSDK.framework\"/**";
				INFOPLIST_FILE = EAccountHYSDKDemo/Info.plist;
				IPHONEOS_DEPLOYMENT_TARGET = 9.0;
				LD_RUNPATH_SEARCH_PATHS = (
					"$(inherited)",
					"@executable_path/Frameworks",
				);
				OTHER_LDFLAGS = (
					"-ObjC",
					"-lstdc++",
					"-force_load",
					"\"$(SRCROOT)/EAccountHYSDKDemo/EAccountHYSDK.framework/EAccountHYSDK\"",
				);
				PRODUCT_BUNDLE_IDENTIFIER = com.demo;
				PRODUCT_NAME = "$(TARGET_NAME)";
				TARGETED_DEVICE_FAMILY = "1,2";
			};
			name = Debug;
		};
		A658AE522275E43800C5F661 /* Release */ = {
			isa = XCBuildConfiguration;
			buildSettings = {
				ASSETCATALOG_COMPILER_APPICON_NAME = AppIcon;
				CODE_SIGN_STYLE = Automatic;
				DEVELOPMENT_TEAM = Z429JQWA8Q;
				ENABLE_BITCODE = YES;
				FRAMEWORK_SEARCH_PATHS = (
					"$(inherited)",
					"$(PROJECT_DIR)/EAccountHYSDKDemo",
				);
				HEADER_SEARCH_PATHS = "\"$(SRCROOT)/EAccountHYSDKDemo/EAccountHYSDK.framework\"/**";
				INFOPLIST_FILE = EAccountHYSDKDemo/Info.plist;
				IPHONEOS_DEPLOYMENT_TARGET = 9.0;
				LD_RUNPATH_SEARCH_PATHS = (
					"$(inherited)",
					"@executable_path/Frameworks",
				);
				OTHER_LDFLAGS = (
					"-ObjC",
					"-lstdc++",
					"-force_load",
					"\"$(SRCROOT)/EAccountHYSDKDemo/EAccountHYSDK.framework/EAccountHYSDK\"",
				);
				PRODUCT_BUNDLE_IDENTIFIER = com.demo;
				PRODUCT_NAME = "$(TARGET_NAME)";
				TARGETED_DEVICE_FAMILY = "1,2";
			};
			name = Release;
		};
/* End XCBuildConfiguration section */

/* Begin XCConfigurationList section */
		A658AE352275E43600C5F661 /* Build configuration list for PBXProject "EAccountHYSDKDemo" */ = {
			isa = XCConfigurationList;
			buildConfigurations = (
				A658AE4E2275E43800C5F661 /* Debug */,
				A658AE4F2275E43800C5F661 /* Release */,
			);
			defaultConfigurationIsVisible = 0;
			defaultConfigurationName = Release;
		};
		A658AE502275E43800C5F661 /* Build configuration list for PBXNativeTarget "EAccountHYSDKDemo" */ = {
			isa = XCConfigurationList;
			buildConfigurations = (
				A658AE512275E43800C5F661 /* Debug */,
				A658AE522275E43800C5F661 /* Release */,
			);
			defaultConfigurationIsVisible = 0;
			defaultConfigurationName = Release;
		};
/* End XCConfigurationList section */
	};
	rootObject = A658AE322275E43600C5F661 /* Project object */;
}
